
Microsoft Visual Studio Solution File, Format Version 12.00
# Visual Studio 14
VisualStudioVersion = 14.0.25420.1
MinimumVisualStudioVersion = 10.0.40219.1
Project("{FAE04EC0-301F-11D3-BF4B-00C04F79EFBC}") = "BookShopSytem.Models", "BookShopSytem.Models\BookShopSytem.Models.csproj", "{FA07C220-C722-46B4-96B6-AEF0A942FDD7}"
EndProject
Project("{FAE04EC0-301F-11D3-BF4B-00C04F79EFBC}") = "BookShopSystem.Data", "BookShopSystem.Data\BookShopSystem.Data.csproj", "{0A798E0D-36DE-466D-95E1-9A4C04D0D2FD}"
EndProject
Project("{FAE04EC0-301F-11D3-BF4B-00C04F79EFBC}") = "BookShopApi", "BookShopApi\BookShopApi.csproj", "{CF21D11B-BF8F-430D-85F7-8D68B565BD5A}"
EndProject
Project("{FAE04EC0-301F-11D3-BF4B-00C04F79EFBC}") = "BookShopSystem.Service", "BookShopSystem.Service\BookShopSystem.Service.csproj", "{2458E402-9A9F-4993-8135-73C6E14C3694}"
EndProject
Global
	GlobalSection(SolutionConfigurationPlatforms) = preSolution
		Debug|Any CPU = Debug|Any CPU
		Release|Any CPU = Release|Any CPU
	EndGlobalSection
	GlobalSection(ProjectConfigurationPlatforms) = postSolution
		{FA07C220-C722-46B4-96B6-AEF0A942FDD7}.Debug|Any CPU.ActiveCfg = Debug|Any CPU
		{FA07C220-C722-46B4-96B6-AEF0A942FDD7}.Debug|Any CPU.Build.0 = Debug|Any CPU
		{FA07C220-C722-46B4-96B6-AEF0A942FDD7}.Release|Any CPU.ActiveCfg = Release|Any CPU
		{FA07C220-C722-46B4-96B6-AEF0A942FDD7}.Release|Any CPU.Build.0 = Release|Any CPU
		{0A798E0D-36DE-466D-95E1-9A4C04D0D2FD}.Debug|Any CPU.ActiveCfg = Debug|Any CPU
		{0A798E0D-36DE-466D-95E1-9A4C04D0D2FD}.Debug|Any CPU.Build.0 = Debug|Any CPU
		{0A798E0D-36DE-466D-95E1-9A4C04D0D2FD}.Release|Any CPU.ActiveCfg = Release|Any CPU
		{0A798E0D-36DE-466D-95E1-9A4C04D0D2FD}.Release|Any CPU.Build.0 = Release|Any CPU
		{CF21D11B-BF8F-430D-85F7-8D68B565BD5A}.Debug|Any CPU.ActiveCfg = Debug|Any CPU
		{CF21D11B-BF8F-430D-85F7-8D68B565BD5A}.Debug|Any CPU.Build.0 = Debug|Any CPU
		{CF21D11B-BF8F-430D-85F7-8D68B565BD5A}.Release|Any CPU.ActiveCfg = Release|Any CPU
		{CF21D11B-BF8F-430D-85F7-8D68B565BD5A}.Release|Any CPU.Build.0 = Release|Any CPU
		{2458E402-9A9F-4993-8135-73C6E14C3694}.Debug|Any CPU.ActiveCfg = Debug|Any CPU
		{2458E402-9A9F-4993-8135-73C6E14C3694}.Debug|Any CPU.Build.0 = Debug|Any CPU
		{2458E402-9A9F-4993-8135-73C6E14C3694}.Release|Any CPU.ActiveCfg = Release|Any CPU
		{2458E402-9A9F-4993-8135-73C6E14C3694}.Release|Any CPU.Build.0 = Release|Any CPU
	EndGlobalSection
	GlobalSection(SolutionProperties) = preSolution
		HideSolutionNode = FALSE
	EndGlobalSection
EndGlobal
